// !$*UTF8*$!
{
	archiveVersion = 1;
	classes = {
	};
	objectVersion = 46;
	objects = {

/* Begin PBXBuildFile section */
		A456B3031D3FDD3500F7C14C /* AppDelegate.swift in Sources */ = {isa = PBXBuildFile; fileRef = A456B3021D3FDD3500F7C14C /* AppDelegate.swift */; };
		A456B3051D3FDD3500F7C14C /* ViewController.swift in Sources */ = {isa = PBXBuildFile; fileRef = A456B3041D3FDD3500F7C14C /* ViewController.swift */; };
		A456B3081D3FDD3500F7C14C /* Main.storyboard in Resources */ = {isa = PBXBuildFile; fileRef = A456B3061D3FDD3500F7C14C /* Main.storyboard */; };
		A456B30A1D3FDD3500F7C14C /* Assets.xcassets in Resources */ = {isa = PBXBuildFile; fileRef = A456B3091D3FDD3500F7C14C /* Assets.xcassets */; };
		A456B30D1D3FDD3500F7C14C /* LaunchScreen.storyboard in Resources */ = {isa = PBXBuildFile; fileRef = A456B30B1D3FDD3500F7C14C /* LaunchScreen.storyboard */; };
/* End PBXBuildFile section */

/* Begin PBXFileReference section */
		A456B2FF1D3FDD3500F7C14C /* gitDemo.app */ = {isa = PBXFileReference; explicitFileType = wrapper.application; includeInIndex = 0; path = gitDemo.app; sourceTree = BUILT_PRODUCTS_DIR; };
		A456B3021D3FDD3500F7C14C /* AppDelegate.swift */ = {isa = PBXFileReference; lastKnownFileType = sourcecode.swift; path = AppDelegate.swift; sourceTree = "<group>"; };
		A456B3041D3FDD3500F7C14C /* ViewController.swift */ = {isa = PBXFileReference; lastKnownFileType = sourcecode.swift; path = ViewController.swift; sourceTree = "<group>"; };
		A456B3071D3FDD3500F7C14C /* Base */ = {isa = PBXFileReference; lastKnownFileType = file.storyboard; name = Base; path = Base.lproj/Main.storyboard; sourceTree = "<group>"; };
		A456B3091D3FDD3500F7C14C /* Assets.xcassets */ = {isa = PBXFileReference; lastKnownFileType = folder.assetcatalog; path = Assets.xcassets; sourceTree = "<group>"; };
		A456B30C1D3FDD3500F7C14C /* Base */ = {isa = PBXFileReference; lastKnownFileType = file.storyboard; name = Base; path = Base.lproj/LaunchScreen.storyboard; sourceTree = "<group>"; };
		A456B30E1D3FDD3500F7C14C /* Info.plist */ = {isa = PBXFileReference; lastKnownFileType = text.plist.xml; path = Info.plist; sourceTree = "<group>"; };
/* End PBXFileReference section */

/* Begin PBXFrameworksBuildPhase section */
		A456B2FC1D3FDD3500F7C14C /* Frameworks */ = {
			isa = PBXFrameworksBuildPhase;
			buildActionMask = 2147483647;
			files = (
			);
			runOnlyForDeploymentPostprocessing = 0;
		};
/* End PBXFrameworksBuildPhase section */

/* Begin PBXGroup section */
		A456B2F61D3FDD3500F7C14C = {
			isa = PBXGroup;
			children = (
				A456B3011D3FDD3500F7C14C /* gitDemo */,
				A456B3001D3FDD3500F7C14C /* Products */,
			);
			sourceTree = "<group>";
		};
		A456B3001D3FDD3500F7C14C /* Products */ = {
			isa = PBXGroup;
			children = (
				A456B2FF1D3FDD3500F7C14C /* gitDemo.app */,
			);
			name = Products;
			sourceTree = "<group>";
		};
		A456B3011D3FDD3500F7C14C /* gitDemo */ = {
			isa = PBXGroup;
			children = (
				A456B3021D3FDD3500F7C14C /* AppDelegate.swift */,
				A456B3041D3FDD3500F7C14C /* ViewController.swift */,
				A456B3061D3FDD3500F7C14C /* Main.storyboard */,
				A456B3091D3FDD3500F7C14C /* Assets.xcassets */,
				A456B30B1D3FDD3500F7C14C /* LaunchScreen.storyboard */,
				A456B30E1D3FDD3500F7C14C /* Info.plist */,
			);
			path = gitDemo;
			sourceTree = "<group>";
		};
/* End PBXGroup section */

/* Begin PBXNativeTarget section */
		A456B2FE1D3FDD3500F7C14C /* gitDemo */ = {
			isa = PBXNativeTarget;
			buildConfigurationList = A456B3111D3FDD3500F7C14C /* Build configuration list for PBXNativeTarget "gitDemo" */;
			buildPhases = (
				A456B2FB1D3FDD3500F7C14C /* Sources */,
				A456B2FC1D3FDD3500F7C14C /* Frameworks */,
				A456B2FD1D3FDD3500F7C14C /* Resources */,
			);
			buildRules = (
			);
			dependencies = (
			);
			name = gitDemo;
			productName = gitDemo;
			productReference = A456B2FF1D3FDD3500F7C14C /* gitDemo.app */;
			productType = "com.apple.product-type.application";
		};
/* End PBXNativeTarget section */

/* Begin PBXProject section */
		A456B2F71D3FDD3500F7C14C /* Project object */ = {
			isa = PBXProject;
			attributes = {
				LastSwiftUpdateCheck = 0730;
				LastUpgradeCheck = 0730;
				ORGANIZATIONNAME = duomai;
				TargetAttributes = {
					A456B2FE1D3FDD3500F7C14C = {
						CreatedOnToolsVersion = 7.3.1;
					};
				};
			};
			buildConfigurationList = A456B2FA1D3FDD3500F7C14C /* Build configuration list for PBXProject "gitDemo" */;
			compatibilityVersion = "Xcode 3.2";
			developmentRegion = English;
			hasScannedForEncodings = 0;
			knownRegions = (
				en,
				Base,
			);
			mainGroup = A456B2F61D3FDD3500F7C14C;
			productRefGroup = A456B3001D3FDD3500F7C14C /* Products */;
			projectDirPath = "";
			projectRoot = "";
			targets = (
				A456B2FE1D3FDD3500F7C14C /* gitDemo */,
			);
		};
/* End PBXProject section */

/* Begin PBXResourcesBuildPhase section */
		A456B2FD1D3FDD3500F7C14C /* Resources */ = {
			isa = PBXResourcesBuildPhase;
			buildActionMask = 2147483647;
			files = (
				A456B30D1D3FDD3500F7C14C /* LaunchScreen.storyboard in Resources */,
				A456B30A1D3FDD3500F7C14C /* Assets.xcassets in Resources */,
				A456B3081D3FDD3500F7C14C /* Main.storyboard in Resources */,
			);
			runOnlyForDeploymentPostprocessing = 0;
		};
/* End PBXResourcesBuildPhase section */

/* Begin PBXSourcesBuildPhase section */
		A456B2FB1D3FDD3500F7C14C /* Sources */ = {
			isa = PBXSourcesBuildPhase;
			buildActionMask = 2147483647;
			files = (
				A456B3051D3FDD3500F7C14C /* ViewController.swift in Sources */,
				A456B3031D3FDD3500F7C14C /* AppDelegate.swift in Sources */,
			);
			runOnlyForDeploymentPostprocessing = 0;
		};
/* End PBXSourcesBuildPhase section */

/* Begin PBXVariantGroup section */
		A456B3061D3FDD3500F7C14C /* Main.storyboard */ = {
			isa = PBXVariantGroup;
			children = (
				A456B3071D3FDD3500F7C14C /* Base */,
			);
			name = Main.storyboard;
			sourceTree = "<group>";
		};
		A456B30B1D3FDD3500F7C14C /* LaunchScreen.storyboard */ = {
			isa = PBXVariantGroup;
			children = (
				A456B30C1D3FDD3500F7C14C /* Base */,
			);
			name = LaunchScreen.storyboard;
			sourceTree = "<group>";
		};
/* End PBXVariantGroup section */

/* Begin XCBuildConfiguration section */
		A456B30F1D3FDD3500F7C14C /* Debug */ = {
			isa = XCBuildConfiguration;
			buildSettings = {
				ALWAYS_SEARCH_USER_PATHS = NO;
				CLANG_ANALYZER_NONNULL = YES;
				CLANG_CXX_LANGUAGE_STANDARD = "gnu++0x";
				CLANG_CXX_LIBRARY = "libc++";
				CLANG_ENABLE_MODULES = YES;
				CLANG_ENABLE_OBJC_ARC = YES;
				CLANG_WARN_BOOL_CONVERSION = YES;
				CLANG_WARN_CONSTANT_CONVERSION = YES;
				CLANG_WARN_DIRECT_OBJC_ISA_USAGE = YES_ERROR;
				CLANG_WARN_EMPTY_BODY = YES;
				CLANG_WARN_ENUM_CONVERSION = YES;
				CLANG_WARN_INT_CONVERSION = YES;
				CLANG_WARN_OBJC_ROOT_CLASS = YES_ERROR;
				CLANG_WARN_UNREACHABLE_CODE = YES;
				CLANG_WARN__DUPLICATE_METHOD_MATCH = YES;
				"CODE_SIGN_IDENTITY[sdk=iphoneos*]" = "iPhone Developer";
				COPY_PHASE_STRIP = NO;
				DEBUG_INFORMATION_FORMAT = dwarf;
				ENABLE_STRICT_OBJC_MSGSEND = YES;
				ENABLE_TESTABILITY = YES;
				GCC_C_LANGUAGE_STANDARD = gnu99;
				GCC_DYNAMIC_NO_PIC = NO;
				GCC_NO_COMMON_BLOCKS = YES;
				GCC_OPTIMIZATION_LEVEL = 0;
				GCC_PREPROCESSOR_DEFINITIONS = (
					"DEBUG=1",
					"$(inherited)",
				);
				GCC_WARN_64_TO_32_BIT_CONVERSION = YES;
				GCC_WARN_ABOUT_RETURN_TYPE = YES_ERROR;
				GCC_WARN_UNDECLARED_SELECTOR = YES;
				GCC_WARN_UNINITIALIZED_AUTOS = YES_AGGRESSIVE;
				GCC_WARN_UNUSED_FUNCTION = YES;
				GCC_WARN_UNUSED_VARIABLE = YES;
				IPHONEOS_DEPLOYMENT_TARGET = 9.3;
				MTL_ENABLE_DEBUG_INFO = YES;
				ONLY_ACTIVE_ARCH = YES;
				SDKROOT = iphoneos;
				SWIFT_OPTIMIZATION_LEVEL = "-Onone";
			};
			name = Debug;
		};
		A456B3101D3FDD3500F7C14C /* Release */ = {
			isa = XCBuildConfiguration;
			buildSettings = {
				ALWAYS_SEARCH_USER_PATHS = NO;
				CLANG_ANALYZER_NONNULL = YES;
				CLANG_CXX_LANGUAGE_STANDARD = "gnu++0x";
				CLANG_CXX_LIBRARY = "libc++";
				CLANG_ENABLE_MODULES = YES;
				CLANG_ENABLE_OBJC_ARC = YES;
				CLANG_WARN_BOOL_CONVERSION = YES;
				CLANG_WARN_CONSTANT_CONVERSION = YES;
				CLANG_WARN_DIRECT_OBJC_ISA_USAGE = YES_ERROR;
				CLANG_WARN_EMPTY_BODY = YES;
				CLANG_WARN_ENUM_CONVERSION = YES;
				CLANG_WARN_INT_CONVERSION = YES;
				CLANG_WARN_OBJC_ROOT_CLASS = YES_ERROR;
				CLANG_WARN_UNREACHABLE_CODE = YES;
				CLANG_WARN__DUPLICATE_METHOD_MATCH = YES;
				"CODE_SIGN_IDENTITY[sdk=iphoneos*]" = "iPhone Developer";
				COPY_PHASE_STRIP = NO;
				DEBUG_INFORMATION_FORMAT = "dwarf-with-dsym";
				ENABLE_NS_ASSERTIONS = NO;
				ENABLE_STRICT_OBJC_MSGSEND = YES;
				GCC_C_LANGUAGE_STANDARD = gnu99;
				GCC_NO_COMMON_BLOCKS = YES;
				GCC_WARN_64_TO_32_BIT_CONVERSION = YES;
				GCC_WARN_ABOUT_RETURN_TYPE = YES_ERROR;
				GCC_WARN_UNDECLARED_SELECTOR = YES;
				GCC_WARN_UNINITIALIZED_AUTOS = YES_AGGRESSIVE;
				GCC_WARN_UNUSED_FUNCTION = YES;
				GCC_WARN_UNUSED_VARIABLE = YES;
				IPHONEOS_DEPLOYMENT_TARGET = 9.3;
				MTL_ENABLE_DEBUG_INFO = NO;
				SDKROOT = iphoneos;
				VALIDATE_PRODUCT = YES;
			};
			name = Release;
		};
		A456B3121D3FDD3500F7C14C /* Debug */ = {
			isa = XCBuildConfiguration;
			buildSettings = {
				ASSETCATALOG_COMPILER_APPICON_NAME = AppIcon;
				INFOPLIST_FILE = gitDemo/Info.plist;
				LD_RUNPATH_SEARCH_PATHS = "$(inherited) @executable_path/Frameworks";
				PRODUCT_BUNDLE_IDENTIFIER = com.duomai.gitDemo;
				PRODUCT_NAME = "$(TARGET_NAME)";
			};
			name = Debug;
		};
		A456B3131D3FDD3500F7C14C /* Release */ = {
			isa = XCBuildConfiguration;
			buildSettings = {
				ASSETCATALOG_COMPILER_APPICON_NAME = AppIcon;
				INFOPLIST_FILE = gitDemo/Info.plist;
				LD_RUNPATH_SEARCH_PATHS = "$(inherited) @executable_path/Frameworks";
				PRODUCT_BUNDLE_IDENTIFIER = com.duomai.gitDemo;
				PRODUCT_NAME = "$(TARGET_NAME)";
			};
			name = Release;
		};
/* End XCBuildConfiguration section */

/* Begin XCConfigurationList section */
		A456B2FA1D3FDD3500F7C14C /* Build configuration list for PBXProject "gitDemo" */ = {
			isa = XCConfigurationList;
			buildConfigurations = (
				A456B30F1D3FDD3500F7C14C /* Debug */,
				A456B3101D3FDD3500F7C14C /* Release */,
			);
			defaultConfigurationIsVisible = 0;
			defaultConfigurationName = Release;
		};
		A456B3111D3FDD3500F7C14C /* Build configuration list for PBXNativeTarget "gitDemo" */ = {
			isa = XCConfigurationList;
			buildConfigurations = (
				A456B3121D3FDD3500F7C14C /* Debug */,
				A456B3131D3FDD3500F7C14C /* Release */,
			);
			defaultConfigurationIsVisible = 0;
		};
/* End XCConfigurationList section */
	};
	rootObject = A456B2F71D3FDD3500F7C14C /* Project object */;
}
